
Microsoft Visual Studio Solution File, Format Version 12.00
# Visual Studio 15
VisualStudioVersion = 15.0.28307.902
MinimumVisualStudioVersion = 10.0.40219.1
Project("{FAE04EC0-301F-11D3-BF4B-00C04F79EFBC}") = "Question 2", "Question 2\Question 2.csproj", "{E7274FBE-3922-4707-BB04-6BA29B63AB32}"
EndProject
Global
	GlobalSection(SolutionConfigurationPlatforms) = preSolution
		Debug|Any CPU = Debug|Any CPU
		Release|Any CPU = Release|Any CPU
	EndGlobalSection
	GlobalSection(ProjectConfigurationPlatforms) = postSolution
		{E7274FBE-3922-4707-BB04-6BA29B63AB32}.Debug|Any CPU.ActiveCfg = Debug|Any CPU
		{E7274FBE-3922-4707-BB04-6BA29B63AB32}.Debug|Any CPU.Build.0 = Debug|Any CPU
		{E7274FBE-3922-4707-BB04-6BA29B63AB32}.Release|Any CPU.ActiveCfg = Release|Any CPU
		{E7274FBE-3922-4707-BB04-6BA29B63AB32}.Release|Any CPU.Build.0 = Release|Any CPU
	EndGlobalSection
	GlobalSection(SolutionProperties) = preSolution
		HideSolutionNode = FALSE
	EndGlobalSection
	GlobalSection(ExtensibilityGlobals) = postSolution
		SolutionGuid = {57827AC8-24AF-4576-9FF0-A3316E64D3A5}
	EndGlobalSection
EndGlobal
